
Microsoft Visual Studio Solution File, Format Version 12.00
# Visual Studio 15
VisualStudioVersion = 15.0.28307.438
MinimumVisualStudioVersion = 10.0.40219.1
Project("{8BC9CEB8-8B4A-11D0-8D11-00A0C91BC942}") = "1301_RefEx", "midTermProject\midTermProject.vcxproj", "{0BB0ED5B-7D72-4799-B3BC-9C7313A21362}"
EndProject
Project("{8BC9CEB8-8B4A-11D0-8D11-00A0C91BC942}") = "1401_FuncEx", "1401_FuncEx\1401_FuncEx.vcxproj", "{E3FCDD09-0681-403E-81D1-F24F69385F43}"
EndProject
Project("{8BC9CEB8-8B4A-11D0-8D11-00A0C91BC942}") = "1501_FuncOveloading", "1501_FuncOveloading\1501_FuncOveloading.vcxproj", "{5453EB98-0B60-45F1-87A3-87EC1A499DE2}"
EndProject
Project("{8BC9CEB8-8B4A-11D0-8D11-00A0C91BC942}") = "1601_RevStr", "1601_RevStr\1601_RevStr.vcxproj", "{3EFAC1A4-675D-4F5D-9813-F451029B0484}"
EndProject
Project("{8BC9CEB8-8B4A-11D0-8D11-00A0C91BC942}") = "1602_DyArr", "1602_DyArr\1602_DyArr.vcxproj", "{26AF00AF-D982-4D1B-94AC-FD2FBF2CD49C}"
EndProject
Project("{8BC9CEB8-8B4A-11D0-8D11-00A0C91BC942}") = "1603_ShiftRString", "1603_ShiftRString\1603_ShiftRString.vcxproj", "{1CB57301-E106-44EC-B5FB-60900877C439}"
EndProject
Project("{8BC9CEB8-8B4A-11D0-8D11-00A0C91BC942}") = "2101_Point", "2101_Point\2101_Point.vcxproj", "{12524379-31AB-4FCA-91BF-53F561E8F8A6}"
EndProject
Project("{8BC9CEB8-8B4A-11D0-8D11-00A0C91BC942}") = "2102_Circle", "Circle\Circle.vcxproj", "{A3D8CFB7-3CD6-428F-BFBE-195244EA772F}"
EndProject
Project("{8BC9CEB8-8B4A-11D0-8D11-00A0C91BC942}") = "2103_PointArray", "2103_PointArray\2103_PointArray.vcxproj", "{7054C204-6D43-48A5-B097-FC9017121B16}"
EndProject
Project("{8BC9CEB8-8B4A-11D0-8D11-00A0C91BC942}") = "2104_DyArr", "2104_DyArr\2104_DyArr.vcxproj", "{C5151C82-55C6-4BAA-84A8-B2C81E1C1016}"
EndProject
Project("{8BC9CEB8-8B4A-11D0-8D11-00A0C91BC942}") = "2105_InsertionSort", "2105_InsertionSort\2105_InsertionSort.vcxproj", "{837F6DD8-0941-4457-8653-85D32A455A8C}"
EndProject
Project("{8BC9CEB8-8B4A-11D0-8D11-00A0C91BC942}") = "InsertionSort2", "InsertionSort2\InsertionSort2.vcxproj", "{04661B03-2316-4B94-A8BC-6DDE705A9D3F}"
EndProject
Global
	GlobalSection(SolutionConfigurationPlatforms) = preSolution
		Debug|x64 = Debug|x64
		Debug|x86 = Debug|x86
		Release|x64 = Release|x64
		Release|x86 = Release|x86
	EndGlobalSection
	GlobalSection(ProjectConfigurationPlatforms) = postSolution
		{0BB0ED5B-7D72-4799-B3BC-9C7313A21362}.Debug|x64.ActiveCfg = Debug|x64
		{0BB0ED5B-7D72-4799-B3BC-9C7313A21362}.Debug|x64.Build.0 = Debug|x64
		{0BB0ED5B-7D72-4799-B3BC-9C7313A21362}.Debug|x86.ActiveCfg = Debug|Win32
		{0BB0ED5B-7D72-4799-B3BC-9C7313A21362}.Debug|x86.Build.0 = Debug|Win32
		{0BB0ED5B-7D72-4799-B3BC-9C7313A21362}.Release|x64.ActiveCfg = Release|x64
		{0BB0ED5B-7D72-4799-B3BC-9C7313A21362}.Release|x64.Build.0 = Release|x64
		{0BB0ED5B-7D72-4799-B3BC-9C7313A21362}.Release|x86.ActiveCfg = Release|Win32
		{0BB0ED5B-7D72-4799-B3BC-9C7313A21362}.Release|x86.Build.0 = Release|Win32
		{E3FCDD09-0681-403E-81D1-F24F69385F43}.Debug|x64.ActiveCfg = Debug|x64
		{E3FCDD09-0681-403E-81D1-F24F69385F43}.Debug|x64.Build.0 = Debug|x64
		{E3FCDD09-0681-403E-81D1-F24F69385F43}.Debug|x86.ActiveCfg = Debug|Win32
		{E3FCDD09-0681-403E-81D1-F24F69385F43}.Debug|x86.Build.0 = Debug|Win32
		{E3FCDD09-0681-403E-81D1-F24F69385F43}.Release|x64.ActiveCfg = Release|x64
		{E3FCDD09-0681-403E-81D1-F24F69385F43}.Release|x64.Build.0 = Release|x64
		{E3FCDD09-0681-403E-81D1-F24F69385F43}.Release|x86.ActiveCfg = Release|Win32
		{E3FCDD09-0681-403E-81D1-F24F69385F43}.Release|x86.Build.0 = Release|Win32
		{5453EB98-0B60-45F1-87A3-87EC1A499DE2}.Debug|x64.ActiveCfg = Debug|x64
		{5453EB98-0B60-45F1-87A3-87EC1A499DE2}.Debug|x64.Build.0 = Debug|x64
		{5453EB98-0B60-45F1-87A3-87EC1A499DE2}.Debug|x86.ActiveCfg = Debug|Win32
		{5453EB98-0B60-45F1-87A3-87EC1A499DE2}.Debug|x86.Build.0 = Debug|Win32
		{5453EB98-0B60-45F1-87A3-87EC1A499DE2}.Release|x64.ActiveCfg = Release|x64
		{5453EB98-0B60-45F1-87A3-87EC1A499DE2}.Release|x64.Build.0 = Release|x64
		{5453EB98-0B60-45F1-87A3-87EC1A499DE2}.Release|x86.ActiveCfg = Release|Win32
		{5453EB98-0B60-45F1-87A3-87EC1A499DE2}.Release|x86.Build.0 = Release|Win32
		{3EFAC1A4-675D-4F5D-9813-F451029B0484}.Debug|x64.ActiveCfg = Debug|x64
		{3EFAC1A4-675D-4F5D-9813-F451029B0484}.Debug|x64.Build.0 = Debug|x64
		{3EFAC1A4-675D-4F5D-9813-F451029B0484}.Debug|x86.ActiveCfg = Debug|Win32
		{3EFAC1A4-675D-4F5D-9813-F451029B0484}.Debug|x86.Build.0 = Debug|Win32
		{3EFAC1A4-675D-4F5D-9813-F451029B0484}.Release|x64.ActiveCfg = Release|x64
		{3EFAC1A4-675D-4F5D-9813-F451029B0484}.Release|x64.Build.0 = Release|x64
		{3EFAC1A4-675D-4F5D-9813-F451029B0484}.Release|x86.ActiveCfg = Release|Win32
		{3EFAC1A4-675D-4F5D-9813-F451029B0484}.Release|x86.Build.0 = Release|Win32
		{26AF00AF-D982-4D1B-94AC-FD2FBF2CD49C}.Debug|x64.ActiveCfg = Debug|x64
		{26AF00AF-D982-4D1B-94AC-FD2FBF2CD49C}.Debug|x64.Build.0 = Debug|x64
		{26AF00AF-D982-4D1B-94AC-FD2FBF2CD49C}.Debug|x86.ActiveCfg = Debug|Win32
		{26AF00AF-D982-4D1B-94AC-FD2FBF2CD49C}.Debug|x86.Build.0 = Debug|Win32
		{26AF00AF-D982-4D1B-94AC-FD2FBF2CD49C}.Release|x64.ActiveCfg = Release|x64
		{26AF00AF-D982-4D1B-94AC-FD2FBF2CD49C}.Release|x64.Build.0 = Release|x64
		{26AF00AF-D982-4D1B-94AC-FD2FBF2CD49C}.Release|x86.ActiveCfg = Release|Win32
		{26AF00AF-D982-4D1B-94AC-FD2FBF2CD49C}.Release|x86.Build.0 = Release|Win32
		{1CB57301-E106-44EC-B5FB-60900877C439}.Debug|x64.ActiveCfg = Debug|x64
		{1CB57301-E106-44EC-B5FB-60900877C439}.Debug|x64.Build.0 = Debug|x64
		{1CB57301-E106-44EC-B5FB-60900877C439}.Debug|x86.ActiveCfg = Debug|Win32
		{1CB57301-E106-44EC-B5FB-60900877C439}.Debug|x86.Build.0 = Debug|Win32
		{1CB57301-E106-44EC-B5FB-60900877C439}.Release|x64.ActiveCfg = Release|x64
		{1CB57301-E106-44EC-B5FB-60900877C439}.Release|x64.Build.0 = Release|x64
		{1CB57301-E106-44EC-B5FB-60900877C439}.Release|x86.ActiveCfg = Release|Win32
		{1CB57301-E106-44EC-B5FB-60900877C439}.Release|x86.Build.0 = Release|Win32
		{12524379-31AB-4FCA-91BF-53F561E8F8A6}.Debug|x64.ActiveCfg = Debug|x64
		{12524379-31AB-4FCA-91BF-53F561E8F8A6}.Debug|x64.Build.0 = Debug|x64
		{12524379-31AB-4FCA-91BF-53F561E8F8A6}.Debug|x86.ActiveCfg = Debug|Win32
		{12524379-31AB-4FCA-91BF-53F561E8F8A6}.Debug|x86.Build.0 = Debug|Win32
		{12524379-31AB-4FCA-91BF-53F561E8F8A6}.Release|x64.ActiveCfg = Release|x64
		{12524379-31AB-4FCA-91BF-53F561E8F8A6}.Release|x64.Build.0 = Release|x64
		{12524379-31AB-4FCA-91BF-53F561E8F8A6}.Release|x86.ActiveCfg = Release|Win32
		{12524379-31AB-4FCA-91BF-53F561E8F8A6}.Release|x86.Build.0 = Release|Win32
		{A3D8CFB7-3CD6-428F-BFBE-195244EA772F}.Debug|x64.ActiveCfg = Debug|x64
		{A3D8CFB7-3CD6-428F-BFBE-195244EA772F}.Debug|x64.Build.0 = Debug|x64
		{A3D8CFB7-3CD6-428F-BFBE-195244EA772F}.Debug|x86.ActiveCfg = Debug|Win32
		{A3D8CFB7-3CD6-428F-BFBE-195244EA772F}.Debug|x86.Build.0 = Debug|Win32
		{A3D8CFB7-3CD6-428F-BFBE-195244EA772F}.Release|x64.ActiveCfg = Release|x64
		{A3D8CFB7-3CD6-428F-BFBE-195244EA772F}.Release|x64.Build.0 = Release|x64
		{A3D8CFB7-3CD6-428F-BFBE-195244EA772F}.Release|x86.ActiveCfg = Release|Win32
		{A3D8CFB7-3CD6-428F-BFBE-195244EA772F}.Release|x86.Build.0 = Release|Win32
		{7054C204-6D43-48A5-B097-FC9017121B16}.Debug|x64.ActiveCfg = Debug|x64
		{7054C204-6D43-48A5-B097-FC9017121B16}.Debug|x64.Build.0 = Debug|x64
		{7054C204-6D43-48A5-B097-FC9017121B16}.Debug|x86.ActiveCfg = Debug|Win32
		{7054C204-6D43-48A5-B097-FC9017121B16}.Debug|x86.Build.0 = Debug|Win32
		{7054C204-6D43-48A5-B097-FC9017121B16}.Release|x64.ActiveCfg = Release|x64
		{7054C204-6D43-48A5-B097-FC9017121B16}.Release|x64.Build.0 = Release|x64
		{7054C204-6D43-48A5-B097-FC9017121B16}.Release|x86.ActiveCfg = Release|Win32
		{7054C204-6D43-48A5-B097-FC9017121B16}.Release|x86.Build.0 = Release|Win32
		{C5151C82-55C6-4BAA-84A8-B2C81E1C1016}.Debug|x64.ActiveCfg = Debug|x64
		{C5151C82-55C6-4BAA-84A8-B2C81E1C1016}.Debug|x64.Build.0 = Debug|x64
		{C5151C82-55C6-4BAA-84A8-B2C81E1C1016}.Debug|x86.ActiveCfg = Debug|Win32
		{C5151C82-55C6-4BAA-84A8-B2C81E1C1016}.Debug|x86.Build.0 = Debug|Win32
		{C5151C82-55C6-4BAA-84A8-B2C81E1C1016}.Release|x64.ActiveCfg = Release|x64
		{C5151C82-55C6-4BAA-84A8-B2C81E1C1016}.Release|x64.Build.0 = Release|x64
		{C5151C82-55C6-4BAA-84A8-B2C81E1C1016}.Release|x86.ActiveCfg = Release|Win32
		{C5151C82-55C6-4BAA-84A8-B2C81E1C1016}.Release|x86.Build.0 = Release|Win32
		{837F6DD8-0941-4457-8653-85D32A455A8C}.Debug|x64.ActiveCfg = Debug|x64
		{837F6DD8-0941-4457-8653-85D32A455A8C}.Debug|x64.Build.0 = Debug|x64
		{837F6DD8-0941-4457-8653-85D32A455A8C}.Debug|x86.ActiveCfg = Debug|Win32
		{837F6DD8-0941-4457-8653-85D32A455A8C}.Debug|x86.Build.0 = Debug|Win32
		{837F6DD8-0941-4457-8653-85D32A455A8C}.Release|x64.ActiveCfg = Release|x64
		{837F6DD8-0941-4457-8653-85D32A455A8C}.Release|x64.Build.0 = Release|x64
		{837F6DD8-0941-4457-8653-85D32A455A8C}.Release|x86.ActiveCfg = Release|Win32
		{837F6DD8-0941-4457-8653-85D32A455A8C}.Release|x86.Build.0 = Release|Win32
		{04661B03-2316-4B94-A8BC-6DDE705A9D3F}.Debug|x64.ActiveCfg = Debug|x64
		{04661B03-2316-4B94-A8BC-6DDE705A9D3F}.Debug|x64.Build.0 = Debug|x64
		{04661B03-2316-4B94-A8BC-6DDE705A9D3F}.Debug|x86.ActiveCfg = Debug|Win32
		{04661B03-2316-4B94-A8BC-6DDE705A9D3F}.Debug|x86.Build.0 = Debug|Win32
		{04661B03-2316-4B94-A8BC-6DDE705A9D3F}.Release|x64.ActiveCfg = Release|x64
		{04661B03-2316-4B94-A8BC-6DDE705A9D3F}.Release|x64.Build.0 = Release|x64
		{04661B03-2316-4B94-A8BC-6DDE705A9D3F}.Release|x86.ActiveCfg = Release|Win32
		{04661B03-2316-4B94-A8BC-6DDE705A9D3F}.Release|x86.Build.0 = Release|Win32
	EndGlobalSection
	GlobalSection(SolutionProperties) = preSolution
		HideSolutionNode = FALSE
	EndGlobalSection
	GlobalSection(ExtensibilityGlobals) = postSolution
		SolutionGuid = {05337E64-A46C-4E4C-BF79-11D953C2A1C6}
	EndGlobalSection
EndGlobal
