
Microsoft Visual Studio Solution File, Format Version 12.00
# Visual Studio 15
VisualStudioVersion = 15.0.28307.438
MinimumVisualStudioVersion = 10.0.40219.1
Project("{8BC9CEB8-8B4A-11D0-8D11-00A0C91BC942}") = "유현지_201032306_Mid2", "유현지_201032306_Mid2\유현지_201032306_Mid2.vcxproj", "{DDAC8037-D967-4D06-A936-668D59AE4DA4}"
EndProject
Global
	GlobalSection(SolutionConfigurationPlatforms) = preSolution
		Debug|x64 = Debug|x64
		Debug|x86 = Debug|x86
		Release|x64 = Release|x64
		Release|x86 = Release|x86
	EndGlobalSection
	GlobalSection(ProjectConfigurationPlatforms) = postSolution
		{DDAC8037-D967-4D06-A936-668D59AE4DA4}.Debug|x64.ActiveCfg = Debug|x64
		{DDAC8037-D967-4D06-A936-668D59AE4DA4}.Debug|x64.Build.0 = Debug|x64
		{DDAC8037-D967-4D06-A936-668D59AE4DA4}.Debug|x86.ActiveCfg = Debug|Win32
		{DDAC8037-D967-4D06-A936-668D59AE4DA4}.Debug|x86.Build.0 = Debug|Win32
		{DDAC8037-D967-4D06-A936-668D59AE4DA4}.Release|x64.ActiveCfg = Release|x64
		{DDAC8037-D967-4D06-A936-668D59AE4DA4}.Release|x64.Build.0 = Release|x64
		{DDAC8037-D967-4D06-A936-668D59AE4DA4}.Release|x86.ActiveCfg = Release|Win32
		{DDAC8037-D967-4D06-A936-668D59AE4DA4}.Release|x86.Build.0 = Release|Win32
	EndGlobalSection
	GlobalSection(SolutionProperties) = preSolution
		HideSolutionNode = FALSE
	EndGlobalSection
	GlobalSection(ExtensibilityGlobals) = postSolution
		SolutionGuid = {A987FFA4-1EFC-4A22-A29B-D7A0C2141601}
	EndGlobalSection
EndGlobal
