
Microsoft Visual Studio Solution File, Format Version 12.00
# Visual Studio 15
VisualStudioVersion = 15.0.28307.438
MinimumVisualStudioVersion = 10.0.40219.1
Project("{8BC9CEB8-8B4A-11D0-8D11-00A0C91BC942}") = "0301.StdIOex", "Projects\Projects.vcxproj", "{ED62D1BD-1BED-4AE2-BFA3-2587111A7095}"
EndProject
Project("{8BC9CEB8-8B4A-11D0-8D11-00A0C91BC942}") = "0302.Pwd", "Pwd\Pwd.vcxproj", "{2667E20E-B808-413D-815F-D7DA4021CA1D}"
EndProject
Project("{8BC9CEB8-8B4A-11D0-8D11-00A0C91BC942}") = "0901.ArrayEx", "0301.ArrayEx\0301.ArrayEx.vcxproj", "{6B1C843D-1086-42F5-BBEF-BD4C3F85DA11}"
EndProject
Project("{8BC9CEB8-8B4A-11D0-8D11-00A0C91BC942}") = "1101.PtrEx", "1101.PtrEx\1101.PtrEx.vcxproj", "{D77590D5-57DB-40D0-9919-14D5B9B666ED}"
EndProject
Project("{8BC9CEB8-8B4A-11D0-8D11-00A0C91BC942}") = "1201.PtrEx2", "1201.PtrEx2\1201.PtrEx2.vcxproj", "{85B2A278-8565-4E41-B4DF-674E4FE0E5ED}"
EndProject
Project("{8BC9CEB8-8B4A-11D0-8D11-00A0C91BC942}") = "1202.ArrNptr", "1202.ArrNptr\1202.ArrNptr.vcxproj", "{3043C699-A81F-4BB6-9903-8C9602C77FDD}"
EndProject
Project("{8BC9CEB8-8B4A-11D0-8D11-00A0C91BC942}") = "1203.AccessToElt", "1203.AccessToElt\1203.AccessToElt.vcxproj", "{164A6B7E-11EE-42E3-9C35-B423B2F8BED5}"
EndProject
Project("{8BC9CEB8-8B4A-11D0-8D11-00A0C91BC942}") = "1301.RefEx", "1301.RefEx\1301.RefEx.vcxproj", "{E498ACD8-08F2-4DC8-94A9-A591B870F247}"
EndProject
Project("{8BC9CEB8-8B4A-11D0-8D11-00A0C91BC942}") = "1401.FuncEx", "1401.FuncEx\1401.FuncEx.vcxproj", "{6365823E-61C2-449B-8A6C-3778A7EA5A8C}"
EndProject
Project("{8BC9CEB8-8B4A-11D0-8D11-00A0C91BC942}") = "1501.FuncOverloading", "1501.FuncOverloading\1501.FuncOverloading.vcxproj", "{99551BF7-495A-4586-AB3F-3034FF4C4994}"
EndProject
Project("{8BC9CEB8-8B4A-11D0-8D11-00A0C91BC942}") = "1601.RevStr", "1601.RevStr\1601.RevStr.vcxproj", "{D8DBC7DE-4BCF-48F0-A585-F8D44066D89C}"
EndProject
Project("{8BC9CEB8-8B4A-11D0-8D11-00A0C91BC942}") = "1602.DyArr", "1602.DyArr\1602.DyArr.vcxproj", "{437AD26E-C934-4B56-A224-369ADE1C74D8}"
EndProject
Project("{8BC9CEB8-8B4A-11D0-8D11-00A0C91BC942}") = "2101.Point", "2101.Point\2101.Point.vcxproj", "{5072ED0A-7C40-4C7A-8C5F-D233048F5303}"
EndProject
Project("{8BC9CEB8-8B4A-11D0-8D11-00A0C91BC942}") = "2102.Circle", "2102.Circle\2102.Circle.vcxproj", "{B0C84D7C-A6B9-4CB5-8F7C-D9945B0CDA19}"
EndProject
Project("{8BC9CEB8-8B4A-11D0-8D11-00A0C91BC942}") = "2103.Point_Array", "2103.Point_Array\2103.Point_Array.vcxproj", "{171F113E-1270-4D11-87F6-D47651EE6F4F}"
EndProject
Project("{8BC9CEB8-8B4A-11D0-8D11-00A0C91BC942}") = "2104.DyArr", "2104.DyArr\2104.DyArr.vcxproj", "{51F4B2A0-D5BE-481E-A146-502A0939AEC3}"
EndProject
Project("{8BC9CEB8-8B4A-11D0-8D11-00A0C91BC942}") = "2105.InsertionSort", "2105.InsertionSort\2105.InsertionSort.vcxproj", "{87BE6EAD-3D58-4922-9122-0FBB7789A70F}"
EndProject
Project("{8BC9CEB8-8B4A-11D0-8D11-00A0C91BC942}") = "1603.ShiftRString", "1603.ShiftRString\1603.ShiftRString.vcxproj", "{1F532F6D-9285-47BE-97C1-6A870EA963DC}"
EndProject
Project("{8BC9CEB8-8B4A-11D0-8D11-00A0C91BC942}") = "1604.ShiftLstring", "1604.ShiftLstring\1604.ShiftLstring.vcxproj", "{6F5F9CB1-1245-4B66-9B60-DAFEAC445350}"
EndProject
Project("{8BC9CEB8-8B4A-11D0-8D11-00A0C91BC942}") = "2106.OperatorOverloading", "2106.OperatorOverloading\2106.OperatorOverloading.vcxproj", "{8C2A4871-82A4-4D93-B4D2-D701AAB3DE43}"
EndProject
Project("{8BC9CEB8-8B4A-11D0-8D11-00A0C91BC942}") = "2107.DeepCopy", "2107.DeepCopy\2107.DeepCopy.vcxproj", "{07D93B08-E760-4E70-97A4-6F76C089E160}"
EndProject
Project("{8BC9CEB8-8B4A-11D0-8D11-00A0C91BC942}") = "2108.DeepAssignmentChar", "2108.DeepAssignmentChar\2108.DeepAssignmentChar.vcxproj", "{47DA5CCB-5AB7-4B77-A6FA-B5A99134F4DB}"
EndProject
Project("{8BC9CEB8-8B4A-11D0-8D11-00A0C91BC942}") = "2109.Point_Private", "2109.Point_Private\2109.Point_Private.vcxproj", "{48ED4EBC-1C90-43B4-B289-A806F6841847}"
EndProject
Project("{8BC9CEB8-8B4A-11D0-8D11-00A0C91BC942}") = "2110.StaticFileSeperation", "2110.StaticFileSeperation\2110.StaticFileSeperation.vcxproj", "{F9B34A3F-7146-4C19-B57F-B0926E6B6446}"
EndProject
Project("{8BC9CEB8-8B4A-11D0-8D11-00A0C91BC942}") = "2111.WhoAmI", "2111.WhoAmI\2111.WhoAmI.vcxproj", "{91CCEBB9-BD18-4978-A9A2-70438B7ED5AC}"
EndProject
Project("{8BC9CEB8-8B4A-11D0-8D11-00A0C91BC942}") = "2201.InheritanceBasic", "2201.InheritanceBasic\2201.InheritanceBasic.vcxproj", "{0211E4BC-7B73-4BE6-9D55-ED81FD1E45AE}"
EndProject
Project("{8BC9CEB8-8B4A-11D0-8D11-00A0C91BC942}") = "2201.상속객체간형변환", "2201.상속객체간형변환\2201.상속객체간형변환.vcxproj", "{FA7F8D00-56F1-4CB5-B9B5-B12594C8D9C3}"
EndProject
Project("{8BC9CEB8-8B4A-11D0-8D11-00A0C91BC942}") = "2202.DocHTML", "2202.DocHTML\2202.DocHTML.vcxproj", "{EE48A78D-9F60-4F83-9033-CF8C218BBD4C}"
EndProject
Project("{8BC9CEB8-8B4A-11D0-8D11-00A0C91BC942}") = "2203.DocHTML2", "2203.DocHTML2\2203.DocHTML2.vcxproj", "{281F1722-4D53-4BCA-8AB7-4C085E85C817}"
EndProject
Project("{8BC9CEB8-8B4A-11D0-8D11-00A0C91BC942}") = "2301.VirtualDecon", "2301.VirtualDecon\2301.VirtualDecon.vcxproj", "{F73F61CA-12D9-4164-911C-CB36BCBBCE0B}"
EndProject
Project("{8BC9CEB8-8B4A-11D0-8D11-00A0C91BC942}") = "2302.함수그룹", "2302.함수그룹\2302.함수그룹.vcxproj", "{2AD5D3D1-1E62-4DD5-9BE1-050D6FEF9A24}"
EndProject
Project("{8BC9CEB8-8B4A-11D0-8D11-00A0C91BC942}") = "2303.Shapes", "2303.Shapes\2303.Shapes.vcxproj", "{BEF248C7-3D77-41B2-84C4-F46B50B17263}"
EndProject
Project("{8BC9CEB8-8B4A-11D0-8D11-00A0C91BC942}") = "3001.FileIO1", "3001.FileIO1\3001.FileIO1.vcxproj", "{D43C4D9F-A0D7-494F-BB89-7FF399473215}"
EndProject
Project("{8BC9CEB8-8B4A-11D0-8D11-00A0C91BC942}") = "3002.FileIO2", "3002.FileIO2\3002.FileIO2.vcxproj", "{7BEDECB1-8845-48D0-9933-117FBAD90421}"
EndProject
Project("{8BC9CEB8-8B4A-11D0-8D11-00A0C91BC942}") = "21051-----------------", "21051-----------------\21051-----------------.vcxproj", "{A168DF3B-D8ED-41D8-AF60-73C2FE5D9C2B}"
EndProject
Project("{8BC9CEB8-8B4A-11D0-8D11-00A0C91BC942}") = "2401.TryCatch", "2401.TryCatch\2401.TryCatch.vcxproj", "{0156BD78-72E1-41D0-A033-646A4B00CBD5}"
EndProject
Project("{8BC9CEB8-8B4A-11D0-8D11-00A0C91BC942}") = "2402.TryCatch_Exception", "2402.TryCatch_Exception\2402.TryCatch_Exception.vcxproj", "{7FF01A8E-2EBA-4400-A271-B971B80F9361}"
EndProject
Project("{8BC9CEB8-8B4A-11D0-8D11-00A0C91BC942}") = "2403.TryCatch_Inheritance", "2403.TryCatch_Inheritance\2403.TryCatch_Inheritance.vcxproj", "{1D09B9C9-19B1-4B0A-86A2-05F2743CCD34}"
EndProject
Project("{8BC9CEB8-8B4A-11D0-8D11-00A0C91BC942}") = "2901.Stack", "2901.Stack\2901.Stack.vcxproj", "{AADBFD48-59B4-4904-89BD-D120C356BBC5}"
EndProject
Project("{8BC9CEB8-8B4A-11D0-8D11-00A0C91BC942}") = "2902.Stack_Template", "Stack_Template\Stack_Template.vcxproj", "{CA8B196A-A9A9-44A6-969A-3A45F11BD3B3}"
EndProject
Project("{8BC9CEB8-8B4A-11D0-8D11-00A0C91BC942}") = "3003.----------------", "3003.----------------\3003.----------------.vcxproj", "{76D12869-F2A1-4691-850E-55D20CCCE779}"
EndProject
Project("{8BC9CEB8-8B4A-11D0-8D11-00A0C91BC942}") = "3101.AtmExample", "3101.AtmExample\3101.AtmExample.vcxproj", "{905622D6-8378-4575-9950-98805ACDD7DE}"
EndProject
Project("{8BC9CEB8-8B4A-11D0-8D11-00A0C91BC942}") = "3102.HotDog", "3102.HotDog\3102.HotDog.vcxproj", "{C15F3FB9-EBA0-4636-855C-3E6EC60D2716}"
EndProject
Project("{8BC9CEB8-8B4A-11D0-8D11-00A0C91BC942}") = "3103.Employee", "3103.Employee\3103.Employee.vcxproj", "{6D85DDD2-CDE5-4252-BDE4-077FAA084836}"
EndProject
Project("{8BC9CEB8-8B4A-11D0-8D11-00A0C91BC942}") = "3104.StudentPerson", "3104.StudentPerson\3104.StudentPerson.vcxproj", "{9D0D5576-939F-4FD0-8A6B-9445598547B5}"
EndProject
Global
	GlobalSection(SolutionConfigurationPlatforms) = preSolution
		Debug|x64 = Debug|x64
		Debug|x86 = Debug|x86
		Release|x64 = Release|x64
		Release|x86 = Release|x86
	EndGlobalSection
	GlobalSection(ProjectConfigurationPlatforms) = postSolution
		{ED62D1BD-1BED-4AE2-BFA3-2587111A7095}.Debug|x64.ActiveCfg = Debug|x64
		{ED62D1BD-1BED-4AE2-BFA3-2587111A7095}.Debug|x64.Build.0 = Debug|x64
		{ED62D1BD-1BED-4AE2-BFA3-2587111A7095}.Debug|x86.ActiveCfg = Debug|Win32
		{ED62D1BD-1BED-4AE2-BFA3-2587111A7095}.Debug|x86.Build.0 = Debug|Win32
		{ED62D1BD-1BED-4AE2-BFA3-2587111A7095}.Release|x64.ActiveCfg = Release|x64
		{ED62D1BD-1BED-4AE2-BFA3-2587111A7095}.Release|x64.Build.0 = Release|x64
		{ED62D1BD-1BED-4AE2-BFA3-2587111A7095}.Release|x86.ActiveCfg = Release|Win32
		{ED62D1BD-1BED-4AE2-BFA3-2587111A7095}.Release|x86.Build.0 = Release|Win32
		{2667E20E-B808-413D-815F-D7DA4021CA1D}.Debug|x64.ActiveCfg = Debug|x64
		{2667E20E-B808-413D-815F-D7DA4021CA1D}.Debug|x64.Build.0 = Debug|x64
		{2667E20E-B808-413D-815F-D7DA4021CA1D}.Debug|x86.ActiveCfg = Debug|Win32
		{2667E20E-B808-413D-815F-D7DA4021CA1D}.Debug|x86.Build.0 = Debug|Win32
		{2667E20E-B808-413D-815F-D7DA4021CA1D}.Release|x64.ActiveCfg = Release|x64
		{2667E20E-B808-413D-815F-D7DA4021CA1D}.Release|x64.Build.0 = Release|x64
		{2667E20E-B808-413D-815F-D7DA4021CA1D}.Release|x86.ActiveCfg = Release|Win32
		{2667E20E-B808-413D-815F-D7DA4021CA1D}.Release|x86.Build.0 = Release|Win32
		{6B1C843D-1086-42F5-BBEF-BD4C3F85DA11}.Debug|x64.ActiveCfg = Debug|x64
		{6B1C843D-1086-42F5-BBEF-BD4C3F85DA11}.Debug|x64.Build.0 = Debug|x64
		{6B1C843D-1086-42F5-BBEF-BD4C3F85DA11}.Debug|x86.ActiveCfg = Debug|Win32
		{6B1C843D-1086-42F5-BBEF-BD4C3F85DA11}.Debug|x86.Build.0 = Debug|Win32
		{6B1C843D-1086-42F5-BBEF-BD4C3F85DA11}.Release|x64.ActiveCfg = Release|x64
		{6B1C843D-1086-42F5-BBEF-BD4C3F85DA11}.Release|x64.Build.0 = Release|x64
		{6B1C843D-1086-42F5-BBEF-BD4C3F85DA11}.Release|x86.ActiveCfg = Release|Win32
		{6B1C843D-1086-42F5-BBEF-BD4C3F85DA11}.Release|x86.Build.0 = Release|Win32
		{D77590D5-57DB-40D0-9919-14D5B9B666ED}.Debug|x64.ActiveCfg = Debug|x64
		{D77590D5-57DB-40D0-9919-14D5B9B666ED}.Debug|x64.Build.0 = Debug|x64
		{D77590D5-57DB-40D0-9919-14D5B9B666ED}.Debug|x86.ActiveCfg = Debug|Win32
		{D77590D5-57DB-40D0-9919-14D5B9B666ED}.Debug|x86.Build.0 = Debug|Win32
		{D77590D5-57DB-40D0-9919-14D5B9B666ED}.Release|x64.ActiveCfg = Release|x64
		{D77590D5-57DB-40D0-9919-14D5B9B666ED}.Release|x64.Build.0 = Release|x64
		{D77590D5-57DB-40D0-9919-14D5B9B666ED}.Release|x86.ActiveCfg = Release|Win32
		{D77590D5-57DB-40D0-9919-14D5B9B666ED}.Release|x86.Build.0 = Release|Win32
		{85B2A278-8565-4E41-B4DF-674E4FE0E5ED}.Debug|x64.ActiveCfg = Debug|x64
		{85B2A278-8565-4E41-B4DF-674E4FE0E5ED}.Debug|x64.Build.0 = Debug|x64
		{85B2A278-8565-4E41-B4DF-674E4FE0E5ED}.Debug|x86.ActiveCfg = Debug|Win32
		{85B2A278-8565-4E41-B4DF-674E4FE0E5ED}.Debug|x86.Build.0 = Debug|Win32
		{85B2A278-8565-4E41-B4DF-674E4FE0E5ED}.Release|x64.ActiveCfg = Release|x64
		{85B2A278-8565-4E41-B4DF-674E4FE0E5ED}.Release|x64.Build.0 = Release|x64
		{85B2A278-8565-4E41-B4DF-674E4FE0E5ED}.Release|x86.ActiveCfg = Release|Win32
		{85B2A278-8565-4E41-B4DF-674E4FE0E5ED}.Release|x86.Build.0 = Release|Win32
		{3043C699-A81F-4BB6-9903-8C9602C77FDD}.Debug|x64.ActiveCfg = Debug|x64
		{3043C699-A81F-4BB6-9903-8C9602C77FDD}.Debug|x64.Build.0 = Debug|x64
		{3043C699-A81F-4BB6-9903-8C9602C77FDD}.Debug|x86.ActiveCfg = Debug|Win32
		{3043C699-A81F-4BB6-9903-8C9602C77FDD}.Debug|x86.Build.0 = Debug|Win32
		{3043C699-A81F-4BB6-9903-8C9602C77FDD}.Release|x64.ActiveCfg = Release|x64
		{3043C699-A81F-4BB6-9903-8C9602C77FDD}.Release|x64.Build.0 = Release|x64
		{3043C699-A81F-4BB6-9903-8C9602C77FDD}.Release|x86.ActiveCfg = Release|Win32
		{3043C699-A81F-4BB6-9903-8C9602C77FDD}.Release|x86.Build.0 = Release|Win32
		{164A6B7E-11EE-42E3-9C35-B423B2F8BED5}.Debug|x64.ActiveCfg = Debug|x64
		{164A6B7E-11EE-42E3-9C35-B423B2F8BED5}.Debug|x64.Build.0 = Debug|x64
		{164A6B7E-11EE-42E3-9C35-B423B2F8BED5}.Debug|x86.ActiveCfg = Debug|Win32
		{164A6B7E-11EE-42E3-9C35-B423B2F8BED5}.Debug|x86.Build.0 = Debug|Win32
		{164A6B7E-11EE-42E3-9C35-B423B2F8BED5}.Release|x64.ActiveCfg = Release|x64
		{164A6B7E-11EE-42E3-9C35-B423B2F8BED5}.Release|x64.Build.0 = Release|x64
		{164A6B7E-11EE-42E3-9C35-B423B2F8BED5}.Release|x86.ActiveCfg = Release|Win32
		{164A6B7E-11EE-42E3-9C35-B423B2F8BED5}.Release|x86.Build.0 = Release|Win32
		{E498ACD8-08F2-4DC8-94A9-A591B870F247}.Debug|x64.ActiveCfg = Debug|x64
		{E498ACD8-08F2-4DC8-94A9-A591B870F247}.Debug|x64.Build.0 = Debug|x64
		{E498ACD8-08F2-4DC8-94A9-A591B870F247}.Debug|x86.ActiveCfg = Debug|Win32
		{E498ACD8-08F2-4DC8-94A9-A591B870F247}.Debug|x86.Build.0 = Debug|Win32
		{E498ACD8-08F2-4DC8-94A9-A591B870F247}.Release|x64.ActiveCfg = Release|x64
		{E498ACD8-08F2-4DC8-94A9-A591B870F247}.Release|x64.Build.0 = Release|x64
		{E498ACD8-08F2-4DC8-94A9-A591B870F247}.Release|x86.ActiveCfg = Release|Win32
		{E498ACD8-08F2-4DC8-94A9-A591B870F247}.Release|x86.Build.0 = Release|Win32
		{6365823E-61C2-449B-8A6C-3778A7EA5A8C}.Debug|x64.ActiveCfg = Debug|x64
		{6365823E-61C2-449B-8A6C-3778A7EA5A8C}.Debug|x64.Build.0 = Debug|x64
		{6365823E-61C2-449B-8A6C-3778A7EA5A8C}.Debug|x86.ActiveCfg = Debug|Win32
		{6365823E-61C2-449B-8A6C-3778A7EA5A8C}.Debug|x86.Build.0 = Debug|Win32
		{6365823E-61C2-449B-8A6C-3778A7EA5A8C}.Release|x64.ActiveCfg = Release|x64
		{6365823E-61C2-449B-8A6C-3778A7EA5A8C}.Release|x64.Build.0 = Release|x64
		{6365823E-61C2-449B-8A6C-3778A7EA5A8C}.Release|x86.ActiveCfg = Release|Win32
		{6365823E-61C2-449B-8A6C-3778A7EA5A8C}.Release|x86.Build.0 = Release|Win32
		{99551BF7-495A-4586-AB3F-3034FF4C4994}.Debug|x64.ActiveCfg = Debug|x64
		{99551BF7-495A-4586-AB3F-3034FF4C4994}.Debug|x64.Build.0 = Debug|x64
		{99551BF7-495A-4586-AB3F-3034FF4C4994}.Debug|x86.ActiveCfg = Debug|Win32
		{99551BF7-495A-4586-AB3F-3034FF4C4994}.Debug|x86.Build.0 = Debug|Win32
		{99551BF7-495A-4586-AB3F-3034FF4C4994}.Release|x64.ActiveCfg = Release|x64
		{99551BF7-495A-4586-AB3F-3034FF4C4994}.Release|x64.Build.0 = Release|x64
		{99551BF7-495A-4586-AB3F-3034FF4C4994}.Release|x86.ActiveCfg = Release|Win32
		{99551BF7-495A-4586-AB3F-3034FF4C4994}.Release|x86.Build.0 = Release|Win32
		{D8DBC7DE-4BCF-48F0-A585-F8D44066D89C}.Debug|x64.ActiveCfg = Debug|x64
		{D8DBC7DE-4BCF-48F0-A585-F8D44066D89C}.Debug|x64.Build.0 = Debug|x64
		{D8DBC7DE-4BCF-48F0-A585-F8D44066D89C}.Debug|x86.ActiveCfg = Debug|Win32
		{D8DBC7DE-4BCF-48F0-A585-F8D44066D89C}.Debug|x86.Build.0 = Debug|Win32
		{D8DBC7DE-4BCF-48F0-A585-F8D44066D89C}.Release|x64.ActiveCfg = Release|x64
		{D8DBC7DE-4BCF-48F0-A585-F8D44066D89C}.Release|x64.Build.0 = Release|x64
		{D8DBC7DE-4BCF-48F0-A585-F8D44066D89C}.Release|x86.ActiveCfg = Release|Win32
		{D8DBC7DE-4BCF-48F0-A585-F8D44066D89C}.Release|x86.Build.0 = Release|Win32
		{437AD26E-C934-4B56-A224-369ADE1C74D8}.Debug|x64.ActiveCfg = Debug|x64
		{437AD26E-C934-4B56-A224-369ADE1C74D8}.Debug|x64.Build.0 = Debug|x64
		{437AD26E-C934-4B56-A224-369ADE1C74D8}.Debug|x86.ActiveCfg = Debug|Win32
		{437AD26E-C934-4B56-A224-369ADE1C74D8}.Debug|x86.Build.0 = Debug|Win32
		{437AD26E-C934-4B56-A224-369ADE1C74D8}.Release|x64.ActiveCfg = Release|x64
		{437AD26E-C934-4B56-A224-369ADE1C74D8}.Release|x64.Build.0 = Release|x64
		{437AD26E-C934-4B56-A224-369ADE1C74D8}.Release|x86.ActiveCfg = Release|Win32
		{437AD26E-C934-4B56-A224-369ADE1C74D8}.Release|x86.Build.0 = Release|Win32
		{5072ED0A-7C40-4C7A-8C5F-D233048F5303}.Debug|x64.ActiveCfg = Debug|x64
		{5072ED0A-7C40-4C7A-8C5F-D233048F5303}.Debug|x64.Build.0 = Debug|x64
		{5072ED0A-7C40-4C7A-8C5F-D233048F5303}.Debug|x86.ActiveCfg = Debug|Win32
		{5072ED0A-7C40-4C7A-8C5F-D233048F5303}.Debug|x86.Build.0 = Debug|Win32
		{5072ED0A-7C40-4C7A-8C5F-D233048F5303}.Release|x64.ActiveCfg = Release|x64
		{5072ED0A-7C40-4C7A-8C5F-D233048F5303}.Release|x64.Build.0 = Release|x64
		{5072ED0A-7C40-4C7A-8C5F-D233048F5303}.Release|x86.ActiveCfg = Release|Win32
		{5072ED0A-7C40-4C7A-8C5F-D233048F5303}.Release|x86.Build.0 = Release|Win32
		{B0C84D7C-A6B9-4CB5-8F7C-D9945B0CDA19}.Debug|x64.ActiveCfg = Debug|x64
		{B0C84D7C-A6B9-4CB5-8F7C-D9945B0CDA19}.Debug|x64.Build.0 = Debug|x64
		{B0C84D7C-A6B9-4CB5-8F7C-D9945B0CDA19}.Debug|x86.ActiveCfg = Debug|Win32
		{B0C84D7C-A6B9-4CB5-8F7C-D9945B0CDA19}.Debug|x86.Build.0 = Debug|Win32
		{B0C84D7C-A6B9-4CB5-8F7C-D9945B0CDA19}.Release|x64.ActiveCfg = Release|x64
		{B0C84D7C-A6B9-4CB5-8F7C-D9945B0CDA19}.Release|x64.Build.0 = Release|x64
		{B0C84D7C-A6B9-4CB5-8F7C-D9945B0CDA19}.Release|x86.ActiveCfg = Release|Win32
		{B0C84D7C-A6B9-4CB5-8F7C-D9945B0CDA19}.Release|x86.Build.0 = Release|Win32
		{171F113E-1270-4D11-87F6-D47651EE6F4F}.Debug|x64.ActiveCfg = Debug|x64
		{171F113E-1270-4D11-87F6-D47651EE6F4F}.Debug|x64.Build.0 = Debug|x64
		{171F113E-1270-4D11-87F6-D47651EE6F4F}.Debug|x86.ActiveCfg = Debug|Win32
		{171F113E-1270-4D11-87F6-D47651EE6F4F}.Debug|x86.Build.0 = Debug|Win32
		{171F113E-1270-4D11-87F6-D47651EE6F4F}.Release|x64.ActiveCfg = Release|x64
		{171F113E-1270-4D11-87F6-D47651EE6F4F}.Release|x64.Build.0 = Release|x64
		{171F113E-1270-4D11-87F6-D47651EE6F4F}.Release|x86.ActiveCfg = Release|Win32
		{171F113E-1270-4D11-87F6-D47651EE6F4F}.Release|x86.Build.0 = Release|Win32
		{51F4B2A0-D5BE-481E-A146-502A0939AEC3}.Debug|x64.ActiveCfg = Debug|x64
		{51F4B2A0-D5BE-481E-A146-502A0939AEC3}.Debug|x64.Build.0 = Debug|x64
		{51F4B2A0-D5BE-481E-A146-502A0939AEC3}.Debug|x86.ActiveCfg = Debug|Win32
		{51F4B2A0-D5BE-481E-A146-502A0939AEC3}.Debug|x86.Build.0 = Debug|Win32
		{51F4B2A0-D5BE-481E-A146-502A0939AEC3}.Release|x64.ActiveCfg = Release|x64
		{51F4B2A0-D5BE-481E-A146-502A0939AEC3}.Release|x64.Build.0 = Release|x64
		{51F4B2A0-D5BE-481E-A146-502A0939AEC3}.Release|x86.ActiveCfg = Release|Win32
		{51F4B2A0-D5BE-481E-A146-502A0939AEC3}.Release|x86.Build.0 = Release|Win32
		{87BE6EAD-3D58-4922-9122-0FBB7789A70F}.Debug|x64.ActiveCfg = Debug|x64
		{87BE6EAD-3D58-4922-9122-0FBB7789A70F}.Debug|x64.Build.0 = Debug|x64
		{87BE6EAD-3D58-4922-9122-0FBB7789A70F}.Debug|x86.ActiveCfg = Debug|Win32
		{87BE6EAD-3D58-4922-9122-0FBB7789A70F}.Debug|x86.Build.0 = Debug|Win32
		{87BE6EAD-3D58-4922-9122-0FBB7789A70F}.Release|x64.ActiveCfg = Release|x64
		{87BE6EAD-3D58-4922-9122-0FBB7789A70F}.Release|x64.Build.0 = Release|x64
		{87BE6EAD-3D58-4922-9122-0FBB7789A70F}.Release|x86.ActiveCfg = Release|Win32
		{87BE6EAD-3D58-4922-9122-0FBB7789A70F}.Release|x86.Build.0 = Release|Win32
		{1F532F6D-9285-47BE-97C1-6A870EA963DC}.Debug|x64.ActiveCfg = Debug|x64
		{1F532F6D-9285-47BE-97C1-6A870EA963DC}.Debug|x64.Build.0 = Debug|x64
		{1F532F6D-9285-47BE-97C1-6A870EA963DC}.Debug|x86.ActiveCfg = Debug|Win32
		{1F532F6D-9285-47BE-97C1-6A870EA963DC}.Debug|x86.Build.0 = Debug|Win32
		{1F532F6D-9285-47BE-97C1-6A870EA963DC}.Release|x64.ActiveCfg = Release|x64
		{1F532F6D-9285-47BE-97C1-6A870EA963DC}.Release|x64.Build.0 = Release|x64
		{1F532F6D-9285-47BE-97C1-6A870EA963DC}.Release|x86.ActiveCfg = Release|Win32
		{1F532F6D-9285-47BE-97C1-6A870EA963DC}.Release|x86.Build.0 = Release|Win32
		{6F5F9CB1-1245-4B66-9B60-DAFEAC445350}.Debug|x64.ActiveCfg = Debug|x64
		{6F5F9CB1-1245-4B66-9B60-DAFEAC445350}.Debug|x64.Build.0 = Debug|x64
		{6F5F9CB1-1245-4B66-9B60-DAFEAC445350}.Debug|x86.ActiveCfg = Debug|Win32
		{6F5F9CB1-1245-4B66-9B60-DAFEAC445350}.Debug|x86.Build.0 = Debug|Win32
		{6F5F9CB1-1245-4B66-9B60-DAFEAC445350}.Release|x64.ActiveCfg = Release|x64
		{6F5F9CB1-1245-4B66-9B60-DAFEAC445350}.Release|x64.Build.0 = Release|x64
		{6F5F9CB1-1245-4B66-9B60-DAFEAC445350}.Release|x86.ActiveCfg = Release|Win32
		{6F5F9CB1-1245-4B66-9B60-DAFEAC445350}.Release|x86.Build.0 = Release|Win32
		{8C2A4871-82A4-4D93-B4D2-D701AAB3DE43}.Debug|x64.ActiveCfg = Debug|x64
		{8C2A4871-82A4-4D93-B4D2-D701AAB3DE43}.Debug|x64.Build.0 = Debug|x64
		{8C2A4871-82A4-4D93-B4D2-D701AAB3DE43}.Debug|x86.ActiveCfg = Debug|Win32
		{8C2A4871-82A4-4D93-B4D2-D701AAB3DE43}.Debug|x86.Build.0 = Debug|Win32
		{8C2A4871-82A4-4D93-B4D2-D701AAB3DE43}.Release|x64.ActiveCfg = Release|x64
		{8C2A4871-82A4-4D93-B4D2-D701AAB3DE43}.Release|x64.Build.0 = Release|x64
		{8C2A4871-82A4-4D93-B4D2-D701AAB3DE43}.Release|x86.ActiveCfg = Release|Win32
		{8C2A4871-82A4-4D93-B4D2-D701AAB3DE43}.Release|x86.Build.0 = Release|Win32
		{07D93B08-E760-4E70-97A4-6F76C089E160}.Debug|x64.ActiveCfg = Debug|x64
		{07D93B08-E760-4E70-97A4-6F76C089E160}.Debug|x64.Build.0 = Debug|x64
		{07D93B08-E760-4E70-97A4-6F76C089E160}.Debug|x86.ActiveCfg = Debug|Win32
		{07D93B08-E760-4E70-97A4-6F76C089E160}.Debug|x86.Build.0 = Debug|Win32
		{07D93B08-E760-4E70-97A4-6F76C089E160}.Release|x64.ActiveCfg = Release|x64
		{07D93B08-E760-4E70-97A4-6F76C089E160}.Release|x64.Build.0 = Release|x64
		{07D93B08-E760-4E70-97A4-6F76C089E160}.Release|x86.ActiveCfg = Release|Win32
		{07D93B08-E760-4E70-97A4-6F76C089E160}.Release|x86.Build.0 = Release|Win32
		{47DA5CCB-5AB7-4B77-A6FA-B5A99134F4DB}.Debug|x64.ActiveCfg = Debug|x64
		{47DA5CCB-5AB7-4B77-A6FA-B5A99134F4DB}.Debug|x64.Build.0 = Debug|x64
		{47DA5CCB-5AB7-4B77-A6FA-B5A99134F4DB}.Debug|x86.ActiveCfg = Debug|Win32
		{47DA5CCB-5AB7-4B77-A6FA-B5A99134F4DB}.Debug|x86.Build.0 = Debug|Win32
		{47DA5CCB-5AB7-4B77-A6FA-B5A99134F4DB}.Release|x64.ActiveCfg = Release|x64
		{47DA5CCB-5AB7-4B77-A6FA-B5A99134F4DB}.Release|x64.Build.0 = Release|x64
		{47DA5CCB-5AB7-4B77-A6FA-B5A99134F4DB}.Release|x86.ActiveCfg = Release|Win32
		{47DA5CCB-5AB7-4B77-A6FA-B5A99134F4DB}.Release|x86.Build.0 = Release|Win32
		{48ED4EBC-1C90-43B4-B289-A806F6841847}.Debug|x64.ActiveCfg = Debug|x64
		{48ED4EBC-1C90-43B4-B289-A806F6841847}.Debug|x64.Build.0 = Debug|x64
		{48ED4EBC-1C90-43B4-B289-A806F6841847}.Debug|x86.ActiveCfg = Debug|Win32
		{48ED4EBC-1C90-43B4-B289-A806F6841847}.Debug|x86.Build.0 = Debug|Win32
		{48ED4EBC-1C90-43B4-B289-A806F6841847}.Release|x64.ActiveCfg = Release|x64
		{48ED4EBC-1C90-43B4-B289-A806F6841847}.Release|x64.Build.0 = Release|x64
		{48ED4EBC-1C90-43B4-B289-A806F6841847}.Release|x86.ActiveCfg = Release|Win32
		{48ED4EBC-1C90-43B4-B289-A806F6841847}.Release|x86.Build.0 = Release|Win32
		{F9B34A3F-7146-4C19-B57F-B0926E6B6446}.Debug|x64.ActiveCfg = Debug|x64
		{F9B34A3F-7146-4C19-B57F-B0926E6B6446}.Debug|x64.Build.0 = Debug|x64
		{F9B34A3F-7146-4C19-B57F-B0926E6B6446}.Debug|x86.ActiveCfg = Debug|Win32
		{F9B34A3F-7146-4C19-B57F-B0926E6B6446}.Debug|x86.Build.0 = Debug|Win32
		{F9B34A3F-7146-4C19-B57F-B0926E6B6446}.Release|x64.ActiveCfg = Release|x64
		{F9B34A3F-7146-4C19-B57F-B0926E6B6446}.Release|x64.Build.0 = Release|x64
		{F9B34A3F-7146-4C19-B57F-B0926E6B6446}.Release|x86.ActiveCfg = Release|Win32
		{F9B34A3F-7146-4C19-B57F-B0926E6B6446}.Release|x86.Build.0 = Release|Win32
		{91CCEBB9-BD18-4978-A9A2-70438B7ED5AC}.Debug|x64.ActiveCfg = Debug|x64
		{91CCEBB9-BD18-4978-A9A2-70438B7ED5AC}.Debug|x64.Build.0 = Debug|x64
		{91CCEBB9-BD18-4978-A9A2-70438B7ED5AC}.Debug|x86.ActiveCfg = Debug|Win32
		{91CCEBB9-BD18-4978-A9A2-70438B7ED5AC}.Debug|x86.Build.0 = Debug|Win32
		{91CCEBB9-BD18-4978-A9A2-70438B7ED5AC}.Release|x64.ActiveCfg = Release|x64
		{91CCEBB9-BD18-4978-A9A2-70438B7ED5AC}.Release|x64.Build.0 = Release|x64
		{91CCEBB9-BD18-4978-A9A2-70438B7ED5AC}.Release|x86.ActiveCfg = Release|Win32
		{91CCEBB9-BD18-4978-A9A2-70438B7ED5AC}.Release|x86.Build.0 = Release|Win32
		{0211E4BC-7B73-4BE6-9D55-ED81FD1E45AE}.Debug|x64.ActiveCfg = Debug|x64
		{0211E4BC-7B73-4BE6-9D55-ED81FD1E45AE}.Debug|x64.Build.0 = Debug|x64
		{0211E4BC-7B73-4BE6-9D55-ED81FD1E45AE}.Debug|x86.ActiveCfg = Debug|Win32
		{0211E4BC-7B73-4BE6-9D55-ED81FD1E45AE}.Debug|x86.Build.0 = Debug|Win32
		{0211E4BC-7B73-4BE6-9D55-ED81FD1E45AE}.Release|x64.ActiveCfg = Release|x64
		{0211E4BC-7B73-4BE6-9D55-ED81FD1E45AE}.Release|x64.Build.0 = Release|x64
		{0211E4BC-7B73-4BE6-9D55-ED81FD1E45AE}.Release|x86.ActiveCfg = Release|Win32
		{0211E4BC-7B73-4BE6-9D55-ED81FD1E45AE}.Release|x86.Build.0 = Release|Win32
		{FA7F8D00-56F1-4CB5-B9B5-B12594C8D9C3}.Debug|x64.ActiveCfg = Debug|x64
		{FA7F8D00-56F1-4CB5-B9B5-B12594C8D9C3}.Debug|x64.Build.0 = Debug|x64
		{FA7F8D00-56F1-4CB5-B9B5-B12594C8D9C3}.Debug|x86.ActiveCfg = Debug|Win32
		{FA7F8D00-56F1-4CB5-B9B5-B12594C8D9C3}.Debug|x86.Build.0 = Debug|Win32
		{FA7F8D00-56F1-4CB5-B9B5-B12594C8D9C3}.Release|x64.ActiveCfg = Release|x64
		{FA7F8D00-56F1-4CB5-B9B5-B12594C8D9C3}.Release|x64.Build.0 = Release|x64
		{FA7F8D00-56F1-4CB5-B9B5-B12594C8D9C3}.Release|x86.ActiveCfg = Release|Win32
		{FA7F8D00-56F1-4CB5-B9B5-B12594C8D9C3}.Release|x86.Build.0 = Release|Win32
		{EE48A78D-9F60-4F83-9033-CF8C218BBD4C}.Debug|x64.ActiveCfg = Debug|x64
		{EE48A78D-9F60-4F83-9033-CF8C218BBD4C}.Debug|x64.Build.0 = Debug|x64
		{EE48A78D-9F60-4F83-9033-CF8C218BBD4C}.Debug|x86.ActiveCfg = Debug|Win32
		{EE48A78D-9F60-4F83-9033-CF8C218BBD4C}.Debug|x86.Build.0 = Debug|Win32
		{EE48A78D-9F60-4F83-9033-CF8C218BBD4C}.Release|x64.ActiveCfg = Release|x64
		{EE48A78D-9F60-4F83-9033-CF8C218BBD4C}.Release|x64.Build.0 = Release|x64
		{EE48A78D-9F60-4F83-9033-CF8C218BBD4C}.Release|x86.ActiveCfg = Release|Win32
		{EE48A78D-9F60-4F83-9033-CF8C218BBD4C}.Release|x86.Build.0 = Release|Win32
		{281F1722-4D53-4BCA-8AB7-4C085E85C817}.Debug|x64.ActiveCfg = Debug|x64
		{281F1722-4D53-4BCA-8AB7-4C085E85C817}.Debug|x64.Build.0 = Debug|x64
		{281F1722-4D53-4BCA-8AB7-4C085E85C817}.Debug|x86.ActiveCfg = Debug|Win32
		{281F1722-4D53-4BCA-8AB7-4C085E85C817}.Debug|x86.Build.0 = Debug|Win32
		{281F1722-4D53-4BCA-8AB7-4C085E85C817}.Release|x64.ActiveCfg = Release|x64
		{281F1722-4D53-4BCA-8AB7-4C085E85C817}.Release|x64.Build.0 = Release|x64
		{281F1722-4D53-4BCA-8AB7-4C085E85C817}.Release|x86.ActiveCfg = Release|Win32
		{281F1722-4D53-4BCA-8AB7-4C085E85C817}.Release|x86.Build.0 = Release|Win32
		{F73F61CA-12D9-4164-911C-CB36BCBBCE0B}.Debug|x64.ActiveCfg = Debug|x64
		{F73F61CA-12D9-4164-911C-CB36BCBBCE0B}.Debug|x64.Build.0 = Debug|x64
		{F73F61CA-12D9-4164-911C-CB36BCBBCE0B}.Debug|x86.ActiveCfg = Debug|Win32
		{F73F61CA-12D9-4164-911C-CB36BCBBCE0B}.Debug|x86.Build.0 = Debug|Win32
		{F73F61CA-12D9-4164-911C-CB36BCBBCE0B}.Release|x64.ActiveCfg = Release|x64
		{F73F61CA-12D9-4164-911C-CB36BCBBCE0B}.Release|x64.Build.0 = Release|x64
		{F73F61CA-12D9-4164-911C-CB36BCBBCE0B}.Release|x86.ActiveCfg = Release|Win32
		{F73F61CA-12D9-4164-911C-CB36BCBBCE0B}.Release|x86.Build.0 = Release|Win32
		{2AD5D3D1-1E62-4DD5-9BE1-050D6FEF9A24}.Debug|x64.ActiveCfg = Debug|x64
		{2AD5D3D1-1E62-4DD5-9BE1-050D6FEF9A24}.Debug|x64.Build.0 = Debug|x64
		{2AD5D3D1-1E62-4DD5-9BE1-050D6FEF9A24}.Debug|x86.ActiveCfg = Debug|Win32
		{2AD5D3D1-1E62-4DD5-9BE1-050D6FEF9A24}.Debug|x86.Build.0 = Debug|Win32
		{2AD5D3D1-1E62-4DD5-9BE1-050D6FEF9A24}.Release|x64.ActiveCfg = Release|x64
		{2AD5D3D1-1E62-4DD5-9BE1-050D6FEF9A24}.Release|x64.Build.0 = Release|x64
		{2AD5D3D1-1E62-4DD5-9BE1-050D6FEF9A24}.Release|x86.ActiveCfg = Release|Win32
		{2AD5D3D1-1E62-4DD5-9BE1-050D6FEF9A24}.Release|x86.Build.0 = Release|Win32
		{BEF248C7-3D77-41B2-84C4-F46B50B17263}.Debug|x64.ActiveCfg = Debug|x64
		{BEF248C7-3D77-41B2-84C4-F46B50B17263}.Debug|x64.Build.0 = Debug|x64
		{BEF248C7-3D77-41B2-84C4-F46B50B17263}.Debug|x86.ActiveCfg = Debug|Win32
		{BEF248C7-3D77-41B2-84C4-F46B50B17263}.Debug|x86.Build.0 = Debug|Win32
		{BEF248C7-3D77-41B2-84C4-F46B50B17263}.Release|x64.ActiveCfg = Release|x64
		{BEF248C7-3D77-41B2-84C4-F46B50B17263}.Release|x64.Build.0 = Release|x64
		{BEF248C7-3D77-41B2-84C4-F46B50B17263}.Release|x86.ActiveCfg = Release|Win32
		{BEF248C7-3D77-41B2-84C4-F46B50B17263}.Release|x86.Build.0 = Release|Win32
		{D43C4D9F-A0D7-494F-BB89-7FF399473215}.Debug|x64.ActiveCfg = Debug|x64
		{D43C4D9F-A0D7-494F-BB89-7FF399473215}.Debug|x64.Build.0 = Debug|x64
		{D43C4D9F-A0D7-494F-BB89-7FF399473215}.Debug|x86.ActiveCfg = Debug|Win32
		{D43C4D9F-A0D7-494F-BB89-7FF399473215}.Debug|x86.Build.0 = Debug|Win32
		{D43C4D9F-A0D7-494F-BB89-7FF399473215}.Release|x64.ActiveCfg = Release|x64
		{D43C4D9F-A0D7-494F-BB89-7FF399473215}.Release|x64.Build.0 = Release|x64
		{D43C4D9F-A0D7-494F-BB89-7FF399473215}.Release|x86.ActiveCfg = Release|Win32
		{D43C4D9F-A0D7-494F-BB89-7FF399473215}.Release|x86.Build.0 = Release|Win32
		{7BEDECB1-8845-48D0-9933-117FBAD90421}.Debug|x64.ActiveCfg = Debug|x64
		{7BEDECB1-8845-48D0-9933-117FBAD90421}.Debug|x64.Build.0 = Debug|x64
		{7BEDECB1-8845-48D0-9933-117FBAD90421}.Debug|x86.ActiveCfg = Debug|Win32
		{7BEDECB1-8845-48D0-9933-117FBAD90421}.Debug|x86.Build.0 = Debug|Win32
		{7BEDECB1-8845-48D0-9933-117FBAD90421}.Release|x64.ActiveCfg = Release|x64
		{7BEDECB1-8845-48D0-9933-117FBAD90421}.Release|x64.Build.0 = Release|x64
		{7BEDECB1-8845-48D0-9933-117FBAD90421}.Release|x86.ActiveCfg = Release|Win32
		{7BEDECB1-8845-48D0-9933-117FBAD90421}.Release|x86.Build.0 = Release|Win32
		{A168DF3B-D8ED-41D8-AF60-73C2FE5D9C2B}.Debug|x64.ActiveCfg = Debug|x64
		{A168DF3B-D8ED-41D8-AF60-73C2FE5D9C2B}.Debug|x64.Build.0 = Debug|x64
		{A168DF3B-D8ED-41D8-AF60-73C2FE5D9C2B}.Debug|x86.ActiveCfg = Debug|Win32
		{A168DF3B-D8ED-41D8-AF60-73C2FE5D9C2B}.Debug|x86.Build.0 = Debug|Win32
		{A168DF3B-D8ED-41D8-AF60-73C2FE5D9C2B}.Release|x64.ActiveCfg = Release|x64
		{A168DF3B-D8ED-41D8-AF60-73C2FE5D9C2B}.Release|x64.Build.0 = Release|x64
		{A168DF3B-D8ED-41D8-AF60-73C2FE5D9C2B}.Release|x86.ActiveCfg = Release|Win32
		{A168DF3B-D8ED-41D8-AF60-73C2FE5D9C2B}.Release|x86.Build.0 = Release|Win32
		{0156BD78-72E1-41D0-A033-646A4B00CBD5}.Debug|x64.ActiveCfg = Debug|x64
		{0156BD78-72E1-41D0-A033-646A4B00CBD5}.Debug|x64.Build.0 = Debug|x64
		{0156BD78-72E1-41D0-A033-646A4B00CBD5}.Debug|x86.ActiveCfg = Debug|Win32
		{0156BD78-72E1-41D0-A033-646A4B00CBD5}.Debug|x86.Build.0 = Debug|Win32
		{0156BD78-72E1-41D0-A033-646A4B00CBD5}.Release|x64.ActiveCfg = Release|x64
		{0156BD78-72E1-41D0-A033-646A4B00CBD5}.Release|x64.Build.0 = Release|x64
		{0156BD78-72E1-41D0-A033-646A4B00CBD5}.Release|x86.ActiveCfg = Release|Win32
		{0156BD78-72E1-41D0-A033-646A4B00CBD5}.Release|x86.Build.0 = Release|Win32
		{7FF01A8E-2EBA-4400-A271-B971B80F9361}.Debug|x64.ActiveCfg = Debug|x64
		{7FF01A8E-2EBA-4400-A271-B971B80F9361}.Debug|x64.Build.0 = Debug|x64
		{7FF01A8E-2EBA-4400-A271-B971B80F9361}.Debug|x86.ActiveCfg = Debug|Win32
		{7FF01A8E-2EBA-4400-A271-B971B80F9361}.Debug|x86.Build.0 = Debug|Win32
		{7FF01A8E-2EBA-4400-A271-B971B80F9361}.Release|x64.ActiveCfg = Release|x64
		{7FF01A8E-2EBA-4400-A271-B971B80F9361}.Release|x64.Build.0 = Release|x64
		{7FF01A8E-2EBA-4400-A271-B971B80F9361}.Release|x86.ActiveCfg = Release|Win32
		{7FF01A8E-2EBA-4400-A271-B971B80F9361}.Release|x86.Build.0 = Release|Win32
		{1D09B9C9-19B1-4B0A-86A2-05F2743CCD34}.Debug|x64.ActiveCfg = Debug|x64
		{1D09B9C9-19B1-4B0A-86A2-05F2743CCD34}.Debug|x64.Build.0 = Debug|x64
		{1D09B9C9-19B1-4B0A-86A2-05F2743CCD34}.Debug|x86.ActiveCfg = Debug|Win32
		{1D09B9C9-19B1-4B0A-86A2-05F2743CCD34}.Debug|x86.Build.0 = Debug|Win32
		{1D09B9C9-19B1-4B0A-86A2-05F2743CCD34}.Release|x64.ActiveCfg = Release|x64
		{1D09B9C9-19B1-4B0A-86A2-05F2743CCD34}.Release|x64.Build.0 = Release|x64
		{1D09B9C9-19B1-4B0A-86A2-05F2743CCD34}.Release|x86.ActiveCfg = Release|Win32
		{1D09B9C9-19B1-4B0A-86A2-05F2743CCD34}.Release|x86.Build.0 = Release|Win32
		{AADBFD48-59B4-4904-89BD-D120C356BBC5}.Debug|x64.ActiveCfg = Debug|x64
		{AADBFD48-59B4-4904-89BD-D120C356BBC5}.Debug|x64.Build.0 = Debug|x64
		{AADBFD48-59B4-4904-89BD-D120C356BBC5}.Debug|x86.ActiveCfg = Debug|Win32
		{AADBFD48-59B4-4904-89BD-D120C356BBC5}.Debug|x86.Build.0 = Debug|Win32
		{AADBFD48-59B4-4904-89BD-D120C356BBC5}.Release|x64.ActiveCfg = Release|x64
		{AADBFD48-59B4-4904-89BD-D120C356BBC5}.Release|x64.Build.0 = Release|x64
		{AADBFD48-59B4-4904-89BD-D120C356BBC5}.Release|x86.ActiveCfg = Release|Win32
		{AADBFD48-59B4-4904-89BD-D120C356BBC5}.Release|x86.Build.0 = Release|Win32
		{CA8B196A-A9A9-44A6-969A-3A45F11BD3B3}.Debug|x64.ActiveCfg = Debug|x64
		{CA8B196A-A9A9-44A6-969A-3A45F11BD3B3}.Debug|x64.Build.0 = Debug|x64
		{CA8B196A-A9A9-44A6-969A-3A45F11BD3B3}.Debug|x86.ActiveCfg = Debug|Win32
		{CA8B196A-A9A9-44A6-969A-3A45F11BD3B3}.Debug|x86.Build.0 = Debug|Win32
		{CA8B196A-A9A9-44A6-969A-3A45F11BD3B3}.Release|x64.ActiveCfg = Release|x64
		{CA8B196A-A9A9-44A6-969A-3A45F11BD3B3}.Release|x64.Build.0 = Release|x64
		{CA8B196A-A9A9-44A6-969A-3A45F11BD3B3}.Release|x86.ActiveCfg = Release|Win32
		{CA8B196A-A9A9-44A6-969A-3A45F11BD3B3}.Release|x86.Build.0 = Release|Win32
		{76D12869-F2A1-4691-850E-55D20CCCE779}.Debug|x64.ActiveCfg = Debug|x64
		{76D12869-F2A1-4691-850E-55D20CCCE779}.Debug|x64.Build.0 = Debug|x64
		{76D12869-F2A1-4691-850E-55D20CCCE779}.Debug|x86.ActiveCfg = Debug|Win32
		{76D12869-F2A1-4691-850E-55D20CCCE779}.Debug|x86.Build.0 = Debug|Win32
		{76D12869-F2A1-4691-850E-55D20CCCE779}.Release|x64.ActiveCfg = Release|x64
		{76D12869-F2A1-4691-850E-55D20CCCE779}.Release|x64.Build.0 = Release|x64
		{76D12869-F2A1-4691-850E-55D20CCCE779}.Release|x86.ActiveCfg = Release|Win32
		{76D12869-F2A1-4691-850E-55D20CCCE779}.Release|x86.Build.0 = Release|Win32
		{905622D6-8378-4575-9950-98805ACDD7DE}.Debug|x64.ActiveCfg = Debug|x64
		{905622D6-8378-4575-9950-98805ACDD7DE}.Debug|x64.Build.0 = Debug|x64
		{905622D6-8378-4575-9950-98805ACDD7DE}.Debug|x86.ActiveCfg = Debug|Win32
		{905622D6-8378-4575-9950-98805ACDD7DE}.Debug|x86.Build.0 = Debug|Win32
		{905622D6-8378-4575-9950-98805ACDD7DE}.Release|x64.ActiveCfg = Release|x64
		{905622D6-8378-4575-9950-98805ACDD7DE}.Release|x64.Build.0 = Release|x64
		{905622D6-8378-4575-9950-98805ACDD7DE}.Release|x86.ActiveCfg = Release|Win32
		{905622D6-8378-4575-9950-98805ACDD7DE}.Release|x86.Build.0 = Release|Win32
		{C15F3FB9-EBA0-4636-855C-3E6EC60D2716}.Debug|x64.ActiveCfg = Debug|x64
		{C15F3FB9-EBA0-4636-855C-3E6EC60D2716}.Debug|x64.Build.0 = Debug|x64
		{C15F3FB9-EBA0-4636-855C-3E6EC60D2716}.Debug|x86.ActiveCfg = Debug|Win32
		{C15F3FB9-EBA0-4636-855C-3E6EC60D2716}.Debug|x86.Build.0 = Debug|Win32
		{C15F3FB9-EBA0-4636-855C-3E6EC60D2716}.Release|x64.ActiveCfg = Release|x64
		{C15F3FB9-EBA0-4636-855C-3E6EC60D2716}.Release|x64.Build.0 = Release|x64
		{C15F3FB9-EBA0-4636-855C-3E6EC60D2716}.Release|x86.ActiveCfg = Release|Win32
		{C15F3FB9-EBA0-4636-855C-3E6EC60D2716}.Release|x86.Build.0 = Release|Win32
		{6D85DDD2-CDE5-4252-BDE4-077FAA084836}.Debug|x64.ActiveCfg = Debug|x64
		{6D85DDD2-CDE5-4252-BDE4-077FAA084836}.Debug|x64.Build.0 = Debug|x64
		{6D85DDD2-CDE5-4252-BDE4-077FAA084836}.Debug|x86.ActiveCfg = Debug|Win32
		{6D85DDD2-CDE5-4252-BDE4-077FAA084836}.Debug|x86.Build.0 = Debug|Win32
		{6D85DDD2-CDE5-4252-BDE4-077FAA084836}.Release|x64.ActiveCfg = Release|x64
		{6D85DDD2-CDE5-4252-BDE4-077FAA084836}.Release|x64.Build.0 = Release|x64
		{6D85DDD2-CDE5-4252-BDE4-077FAA084836}.Release|x86.ActiveCfg = Release|Win32
		{6D85DDD2-CDE5-4252-BDE4-077FAA084836}.Release|x86.Build.0 = Release|Win32
		{9D0D5576-939F-4FD0-8A6B-9445598547B5}.Debug|x64.ActiveCfg = Debug|x64
		{9D0D5576-939F-4FD0-8A6B-9445598547B5}.Debug|x64.Build.0 = Debug|x64
		{9D0D5576-939F-4FD0-8A6B-9445598547B5}.Debug|x86.ActiveCfg = Debug|Win32
		{9D0D5576-939F-4FD0-8A6B-9445598547B5}.Debug|x86.Build.0 = Debug|Win32
		{9D0D5576-939F-4FD0-8A6B-9445598547B5}.Release|x64.ActiveCfg = Release|x64
		{9D0D5576-939F-4FD0-8A6B-9445598547B5}.Release|x64.Build.0 = Release|x64
		{9D0D5576-939F-4FD0-8A6B-9445598547B5}.Release|x86.ActiveCfg = Release|Win32
		{9D0D5576-939F-4FD0-8A6B-9445598547B5}.Release|x86.Build.0 = Release|Win32
	EndGlobalSection
	GlobalSection(SolutionProperties) = preSolution
		HideSolutionNode = FALSE
	EndGlobalSection
	GlobalSection(ExtensibilityGlobals) = postSolution
		SolutionGuid = {04B06368-175C-4995-9027-7E3809AC4F51}
	EndGlobalSection
EndGlobal
