
Microsoft Visual Studio Solution File, Format Version 12.00
# Visual Studio 15
VisualStudioVersion = 15.0.28307.438
MinimumVisualStudioVersion = 10.0.40219.1
Project("{8BC9CEB8-8B4A-11D0-8D11-00A0C91BC942}") = "InheritanceBasic", "InheritanceBasic\InheritanceBasic.vcxproj", "{D088FE3D-A8A3-42A7-BD70-2C3A40AD06E4}"
EndProject
Global
	GlobalSection(SolutionConfigurationPlatforms) = preSolution
		Debug|x64 = Debug|x64
		Debug|x86 = Debug|x86
		Release|x64 = Release|x64
		Release|x86 = Release|x86
	EndGlobalSection
	GlobalSection(ProjectConfigurationPlatforms) = postSolution
		{D088FE3D-A8A3-42A7-BD70-2C3A40AD06E4}.Debug|x64.ActiveCfg = Debug|x64
		{D088FE3D-A8A3-42A7-BD70-2C3A40AD06E4}.Debug|x64.Build.0 = Debug|x64
		{D088FE3D-A8A3-42A7-BD70-2C3A40AD06E4}.Debug|x86.ActiveCfg = Debug|Win32
		{D088FE3D-A8A3-42A7-BD70-2C3A40AD06E4}.Debug|x86.Build.0 = Debug|Win32
		{D088FE3D-A8A3-42A7-BD70-2C3A40AD06E4}.Release|x64.ActiveCfg = Release|x64
		{D088FE3D-A8A3-42A7-BD70-2C3A40AD06E4}.Release|x64.Build.0 = Release|x64
		{D088FE3D-A8A3-42A7-BD70-2C3A40AD06E4}.Release|x86.ActiveCfg = Release|Win32
		{D088FE3D-A8A3-42A7-BD70-2C3A40AD06E4}.Release|x86.Build.0 = Release|Win32
	EndGlobalSection
	GlobalSection(SolutionProperties) = preSolution
		HideSolutionNode = FALSE
	EndGlobalSection
	GlobalSection(ExtensibilityGlobals) = postSolution
		SolutionGuid = {15AC9F92-4811-4934-897C-00ED97A73BC9}
	EndGlobalSection
EndGlobal
