
Microsoft Visual Studio Solution File, Format Version 12.00
# Visual Studio 15
VisualStudioVersion = 15.0.28307.438
MinimumVisualStudioVersion = 10.0.40219.1
Project("{8BC9CEB8-8B4A-11D0-8D11-00A0C91BC942}") = "ch15_Func2", "ch15_Func2\ch15_Func2.vcxproj", "{ADF9A315-CADC-4F19-A1F3-1FC9AF341B96}"
EndProject
Global
	GlobalSection(SolutionConfigurationPlatforms) = preSolution
		Debug|x64 = Debug|x64
		Debug|x86 = Debug|x86
		Release|x64 = Release|x64
		Release|x86 = Release|x86
	EndGlobalSection
	GlobalSection(ProjectConfigurationPlatforms) = postSolution
		{ADF9A315-CADC-4F19-A1F3-1FC9AF341B96}.Debug|x64.ActiveCfg = Debug|x64
		{ADF9A315-CADC-4F19-A1F3-1FC9AF341B96}.Debug|x64.Build.0 = Debug|x64
		{ADF9A315-CADC-4F19-A1F3-1FC9AF341B96}.Debug|x86.ActiveCfg = Debug|Win32
		{ADF9A315-CADC-4F19-A1F3-1FC9AF341B96}.Debug|x86.Build.0 = Debug|Win32
		{ADF9A315-CADC-4F19-A1F3-1FC9AF341B96}.Release|x64.ActiveCfg = Release|x64
		{ADF9A315-CADC-4F19-A1F3-1FC9AF341B96}.Release|x64.Build.0 = Release|x64
		{ADF9A315-CADC-4F19-A1F3-1FC9AF341B96}.Release|x86.ActiveCfg = Release|Win32
		{ADF9A315-CADC-4F19-A1F3-1FC9AF341B96}.Release|x86.Build.0 = Release|Win32
	EndGlobalSection
	GlobalSection(SolutionProperties) = preSolution
		HideSolutionNode = FALSE
	EndGlobalSection
	GlobalSection(ExtensibilityGlobals) = postSolution
		SolutionGuid = {FA03CD9A-F62E-4945-A444-B506CFA734B8}
	EndGlobalSection
EndGlobal
